// !$*UTF8*$!
{
	archiveVersion = 1;
	classes = {
	};
	objectVersion = 50;
	objects = {

/* Begin PBXBuildFile section */
		135415BE222B9E5400A23E16 /* AppDelegate.m in Sources */ = {isa = PBXBuildFile; fileRef = 135415BD222B9E5400A23E16 /* AppDelegate.m */; };
		135415C1222B9E5400A23E16 /* ChatViewController.m in Sources */ = {isa = PBXBuildFile; fileRef = 135415C0222B9E5400A23E16 /* ChatViewController.m */; };
		135415C4222B9E5400A23E16 /* Main.storyboard in Resources */ = {isa = PBXBuildFile; fileRef = 135415C2222B9E5400A23E16 /* Main.storyboard */; };
		135415C9222B9E5600A23E16 /* Assets.xcassets in Resources */ = {isa = PBXBuildFile; fileRef = 135415C8222B9E5600A23E16 /* Assets.xcassets */; };
		135415CC222B9E5600A23E16 /* LaunchScreen.storyboard in Resources */ = {isa = PBXBuildFile; fileRef = 135415CA222B9E5600A23E16 /* LaunchScreen.storyboard */; };
		135415CF222B9E5600A23E16 /* main.m in Sources */ = {isa = PBXBuildFile; fileRef = 135415CE222B9E5600A23E16 /* main.m */; };
		13630CB9222C79F7008E0A00 /* Config.cpp in Sources */ = {isa = PBXBuildFile; fileRef = 13630CB4222C79F7008E0A00 /* Config.cpp */; };
		13630CBB222C7B5D008E0A00 /* SimpleClient.mm in Sources */ = {isa = PBXBuildFile; fileRef = 13630CBA222C7B5D008E0A00 /* SimpleClient.mm */; };
		13630CC0222C84CC008E0A00 /* SimpleClientImpl.cpp in Sources */ = {isa = PBXBuildFile; fileRef = 13630CBE222C84CC008E0A00 /* SimpleClientImpl.cpp */; };
		13CF09A32235DC0C00FB676F /* UserSelectViewController.mm in Sources */ = {isa = PBXBuildFile; fileRef = 13CF09A22235DC0C00FB676F /* UserSelectViewController.mm */; };
		54A5262C234D425500D429C3 /* PlayFabParty.framework in Frameworks */ = {isa = PBXBuildFile; fileRef = 54A5262B234D425500D429C3 /* PlayFabParty.framework */; };
		54A5262D234D425500D429C3 /* PlayFabParty.framework in Embed Frameworks */ = {isa = PBXBuildFile; fileRef = 54A5262B234D425500D429C3 /* PlayFabParty.framework */; settings = {ATTRIBUTES = (CodeSignOnCopy, RemoveHeadersOnCopy, ); }; };
		54E38C13232AAB0B00E48B07 /* libplayfabxplatcppsdk.a in Frameworks */ = {isa = PBXBuildFile; fileRef = 54E38C12232AAB0B00E48B07 /* libplayfabxplatcppsdk.a */; };
		A3B691CD228BE58200C34ED4 /* AudioToolbox.framework in Frameworks */ = {isa = PBXBuildFile; fileRef = A3B691CC228BE58200C34ED4 /* AudioToolbox.framework */; };
		D392581922B1E123004D4A62 /* NetworkStateChangeManager.cpp in Sources */ = {isa = PBXBuildFile; fileRef = D392581822B1E123004D4A62 /* NetworkStateChangeManager.cpp */; };
		D3AADB9322C061820026C332 /* libnetworkcommon.a in Frameworks */ = {isa = PBXBuildFile; fileRef = D3AADB7A22C0603A0026C332 /* libnetworkcommon.a */; };
		D3F6F31322AF88820010B66F /* JoinViewController.mm in Sources */ = {isa = PBXBuildFile; fileRef = D3F6F31222AF88820010B66F /* JoinViewController.mm */; };
		D3F6F31622AFAF710010B66F /* SelectViewController.m in Sources */ = {isa = PBXBuildFile; fileRef = D3F6F31522AFAF710010B66F /* SelectViewController.m */; };
		D3F89B7C22DF075300302E99 /* AVFoundation.framework in Frameworks */ = {isa = PBXBuildFile; fileRef = D3F89B7B22DF075300302E99 /* AVFoundation.framework */; };
/* End PBXBuildFile section */

/* Begin PBXContainerItemProxy section */
		D3AADB7922C0603A0026C332 /* PBXContainerItemProxy */ = {
			isa = PBXContainerItemProxy;
			containerPortal = D3AADB7522C0603A0026C332 /* networkcommon_ios.xcodeproj */;
			proxyType = 2;
			remoteGlobalIDString = D39257CE22B1DDAC004D4A62;
			remoteInfo = networkcommon;
		};
		D3AADBB722C066A60026C332 /* PBXContainerItemProxy */ = {
			isa = PBXContainerItemProxy;
			containerPortal = D3AADB7522C0603A0026C332 /* networkcommon_ios.xcodeproj */;
			proxyType = 1;
			remoteGlobalIDString = D39257CD22B1DDAC004D4A62;
			remoteInfo = networkcommon;
		};
/* End PBXContainerItemProxy section */

/* Begin PBXCopyFilesBuildPhase section */
		54A5262E234D425500D429C3 /* Embed Frameworks */ = {
			isa = PBXCopyFilesBuildPhase;
			buildActionMask = 2147483647;
			dstPath = "";
			dstSubfolderSpec = 10;
			files = (
				54A5262D234D425500D429C3 /* PlayFabParty.framework in Embed Frameworks */,
			);
			name = "Embed Frameworks";
			runOnlyForDeploymentPostprocessing = 0;
		};
/* End PBXCopyFilesBuildPhase section */

/* Begin PBXFileReference section */
		13198239222E6CC700C10CE8 /* ChatEventHandler.h */ = {isa = PBXFileReference; lastKnownFileType = sourcecode.c.h; path = ChatEventHandler.h; sourceTree = "<group>"; };
		135415B9222B9E5400A23E16 /* partysample_ios.app */ = {isa = PBXFileReference; explicitFileType = wrapper.application; includeInIndex = 0; path = partysample_ios.app; sourceTree = BUILT_PRODUCTS_DIR; };
		135415BC222B9E5400A23E16 /* AppDelegate.h */ = {isa = PBXFileReference; lastKnownFileType = sourcecode.c.h; path = AppDelegate.h; sourceTree = "<group>"; };
		135415BD222B9E5400A23E16 /* AppDelegate.m */ = {isa = PBXFileReference; lastKnownFileType = sourcecode.c.objc; path = AppDelegate.m; sourceTree = "<group>"; };
		135415BF222B9E5400A23E16 /* ChatViewController.h */ = {isa = PBXFileReference; lastKnownFileType = sourcecode.c.h; path = ChatViewController.h; sourceTree = "<group>"; };
		135415C0222B9E5400A23E16 /* ChatViewController.m */ = {isa = PBXFileReference; explicitFileType = sourcecode.cpp.objcpp; path = ChatViewController.m; sourceTree = "<group>"; };
		135415C3222B9E5400A23E16 /* Base */ = {isa = PBXFileReference; lastKnownFileType = file.storyboard; name = Base; path = Base.lproj/Main.storyboard; sourceTree = "<group>"; };
		135415C8222B9E5600A23E16 /* Assets.xcassets */ = {isa = PBXFileReference; lastKnownFileType = folder.assetcatalog; path = Assets.xcassets; sourceTree = "<group>"; };
		135415CB222B9E5600A23E16 /* Base */ = {isa = PBXFileReference; lastKnownFileType = file.storyboard; name = Base; path = Base.lproj/LaunchScreen.storyboard; sourceTree = "<group>"; };
		135415CD222B9E5600A23E16 /* Info.plist */ = {isa = PBXFileReference; lastKnownFileType = text.plist.xml; path = Info.plist; sourceTree = "<group>"; };
		135415CE222B9E5600A23E16 /* main.m */ = {isa = PBXFileReference; lastKnownFileType = sourcecode.c.objc; path = main.m; sourceTree = "<group>"; };
		13630CA8222C7908008E0A00 /* pch.h */ = {isa = PBXFileReference; fileEncoding = 4; lastKnownFileType = sourcecode.c.h; path = pch.h; sourceTree = "<group>"; };
		13630CAB222C7908008E0A00 /* SimpleClient.h */ = {isa = PBXFileReference; fileEncoding = 4; lastKnownFileType = sourcecode.c.h; path = SimpleClient.h; sourceTree = "<group>"; };
		13630CB4222C79F7008E0A00 /* Config.cpp */ = {isa = PBXFileReference; fileEncoding = 4; lastKnownFileType = sourcecode.cpp.cpp; path = Config.cpp; sourceTree = "<group>"; };
		13630CBA222C7B5D008E0A00 /* SimpleClient.mm */ = {isa = PBXFileReference; lastKnownFileType = sourcecode.cpp.objcpp; path = SimpleClient.mm; sourceTree = "<group>"; };
		13630CBE222C84CC008E0A00 /* SimpleClientImpl.cpp */ = {isa = PBXFileReference; lastKnownFileType = sourcecode.cpp.cpp; path = SimpleClientImpl.cpp; sourceTree = "<group>"; };
		13630CBF222C84CC008E0A00 /* SimpleClientImpl.h */ = {isa = PBXFileReference; lastKnownFileType = sourcecode.c.h; path = SimpleClientImpl.h; sourceTree = "<group>"; };
		13CF09A12235DC0C00FB676F /* UserSelectViewController.h */ = {isa = PBXFileReference; lastKnownFileType = sourcecode.c.h; path = UserSelectViewController.h; sourceTree = "<group>"; };
		13CF09A22235DC0C00FB676F /* UserSelectViewController.mm */ = {isa = PBXFileReference; explicitFileType = sourcecode.cpp.objcpp; path = UserSelectViewController.mm; sourceTree = "<group>"; };
		13CF09A52235FA6C00FB676F /* Config.h */ = {isa = PBXFileReference; explicitFileType = sourcecode.cpp.h; path = Config.h; sourceTree = "<group>"; };
		54A5262B234D425500D429C3 /* PlayFabParty.framework */ = {isa = PBXFileReference; explicitFileType = wrapper.framework; path = ../../bin/Release/PlayFabParty.framework; sourceTree = "<group>"; };
		54E38C12232AAB0B00E48B07 /* libplayfabxplatcppsdk.a */ = {isa = PBXFileReference; explicitFileType = archive.ar; path = ../../bin/Release/libplayfabxplatcppsdk.a; sourceTree = "<group>"; };
		54E38C14232AABF900E48B07 /* PlayFabParty.framework */ = {isa = PBXFileReference; explicitFileType = wrapper.framework; path = ../../bin/Release/PlayFabParty.framework; sourceTree = "<group>"; };
		A3B691CC228BE58200C34ED4 /* AudioToolbox.framework */ = {isa = PBXFileReference; lastKnownFileType = wrapper.framework; name = AudioToolbox.framework; path = System/Library/Frameworks/AudioToolbox.framework; sourceTree = SDKROOT; };
		D37E1EAC22B1104F00E3107E /* INetworkMessageHandler.h */ = {isa = PBXFileReference; lastKnownFileType = sourcecode.c.h; path = INetworkMessageHandler.h; sourceTree = "<group>"; };
		D39257C222B1D773004D4A62 /* NetworkStateChangeManager.h */ = {isa = PBXFileReference; lastKnownFileType = sourcecode.c.h; path = NetworkStateChangeManager.h; sourceTree = "<group>"; };
		D392581822B1E123004D4A62 /* NetworkStateChangeManager.cpp */ = {isa = PBXFileReference; fileEncoding = 4; lastKnownFileType = sourcecode.cpp.cpp; path = NetworkStateChangeManager.cpp; sourceTree = "<group>"; };
		D3AADB7522C0603A0026C332 /* networkcommon_ios.xcodeproj */ = {isa = PBXFileReference; lastKnownFileType = "wrapper.pb-project"; path = networkcommon_ios.xcodeproj; sourceTree = "<group>"; };
		D3AADB9422C061E20026C332 /* libcrypto.a */ = {isa = PBXFileReference; lastKnownFileType = archive.ar; name = libcrypto.a; path = ../../../external/openssl/bin/iOS/libcrypto.a; sourceTree = "<group>"; };
		D3AADB9522C061E20026C332 /* libssl.a */ = {isa = PBXFileReference; lastKnownFileType = archive.ar; name = libssl.a; path = ../../../external/openssl/bin/iOS/libssl.a; sourceTree = "<group>"; };
		D3AADBDE22C0698B0026C332 /* partysample_ios.xcconfig */ = {isa = PBXFileReference; lastKnownFileType = text.xcconfig; path = partysample_ios.xcconfig; sourceTree = "<group>"; };
		D3F6F31122AF88820010B66F /* JoinViewController.h */ = {isa = PBXFileReference; lastKnownFileType = sourcecode.c.h; path = JoinViewController.h; sourceTree = "<group>"; };
		D3F6F31222AF88820010B66F /* JoinViewController.mm */ = {isa = PBXFileReference; lastKnownFileType = sourcecode.cpp.objcpp; path = JoinViewController.mm; sourceTree = "<group>"; };
		D3F6F31422AFAF710010B66F /* SelectViewController.h */ = {isa = PBXFileReference; lastKnownFileType = sourcecode.c.h; path = SelectViewController.h; sourceTree = "<group>"; };
		D3F6F31522AFAF710010B66F /* SelectViewController.m */ = {isa = PBXFileReference; lastKnownFileType = sourcecode.c.objc; path = SelectViewController.m; sourceTree = "<group>"; };
		D3F89B7B22DF075300302E99 /* AVFoundation.framework */ = {isa = PBXFileReference; lastKnownFileType = wrapper.framework; name = AVFoundation.framework; path = System/Library/Frameworks/AVFoundation.framework; sourceTree = SDKROOT; };
/* End PBXFileReference section */

/* Begin PBXFrameworksBuildPhase section */
		135415B6222B9E5400A23E16 /* Frameworks */ = {
			isa = PBXFrameworksBuildPhase;
			buildActionMask = 2147483647;
			files = (
				54E38C13232AAB0B00E48B07 /* libplayfabxplatcppsdk.a in Frameworks */,
				D3F89B7C22DF075300302E99 /* AVFoundation.framework in Frameworks */,
				D3AADB9322C061820026C332 /* libnetworkcommon.a in Frameworks */,
				A3B691CD228BE58200C34ED4 /* AudioToolbox.framework in Frameworks */,
				54A5262C234D425500D429C3 /* PlayFabParty.framework in Frameworks */,
			);
			runOnlyForDeploymentPostprocessing = 0;
		};
/* End PBXFrameworksBuildPhase section */

/* Begin PBXGroup section */
		135415B0222B9E5400A23E16 = {
			isa = PBXGroup;
			children = (
				D3AADBDE22C0698B0026C332 /* partysample_ios.xcconfig */,
				D3AADB7422C0603A0026C332 /* networkcommon */,
				13630CA6222BAAC3008E0A00 /* inc */,
				135415BB222B9E5400A23E16 /* src */,
				135415BA222B9E5400A23E16 /* Products */,
				135415E4222B9F0600A23E16 /* Frameworks */,
			);
			sourceTree = "<group>";
		};
		135415BA222B9E5400A23E16 /* Products */ = {
			isa = PBXGroup;
			children = (
				135415B9222B9E5400A23E16 /* partysample_ios.app */,
			);
			name = Products;
			sourceTree = "<group>";
		};
		135415BB222B9E5400A23E16 /* src */ = {
			isa = PBXGroup;
			children = (
				D392581822B1E123004D4A62 /* NetworkStateChangeManager.cpp */,
				13630CBA222C7B5D008E0A00 /* SimpleClient.mm */,
				13630CBE222C84CC008E0A00 /* SimpleClientImpl.cpp */,
				13630CB4222C79F7008E0A00 /* Config.cpp */,
				135415BC222B9E5400A23E16 /* AppDelegate.h */,
				135415BD222B9E5400A23E16 /* AppDelegate.m */,
				135415BF222B9E5400A23E16 /* ChatViewController.h */,
				135415C0222B9E5400A23E16 /* ChatViewController.m */,
				135415C2222B9E5400A23E16 /* Main.storyboard */,
				135415C8222B9E5600A23E16 /* Assets.xcassets */,
				135415CA222B9E5600A23E16 /* LaunchScreen.storyboard */,
				135415CD222B9E5600A23E16 /* Info.plist */,
				135415CE222B9E5600A23E16 /* main.m */,
				13CF09A22235DC0C00FB676F /* UserSelectViewController.mm */,
				D3F6F31122AF88820010B66F /* JoinViewController.h */,
				D3F6F31222AF88820010B66F /* JoinViewController.mm */,
				D3F6F31422AFAF710010B66F /* SelectViewController.h */,
				D3F6F31522AFAF710010B66F /* SelectViewController.m */,
			);
			path = src;
			sourceTree = "<group>";
		};
		135415E4222B9F0600A23E16 /* Frameworks */ = {
			isa = PBXGroup;
			children = (
				54A5262B234D425500D429C3 /* PlayFabParty.framework */,
				54E38C14232AABF900E48B07 /* PlayFabParty.framework */,
				54E38C12232AAB0B00E48B07 /* libplayfabxplatcppsdk.a */,
				D3F89B7B22DF075300302E99 /* AVFoundation.framework */,
				A3B691CC228BE58200C34ED4 /* AudioToolbox.framework */,
			);
			name = Frameworks;
			sourceTree = "<group>";
		};
		13630CA6222BAAC3008E0A00 /* inc */ = {
			isa = PBXGroup;
			children = (
				D37E1EAC22B1104F00E3107E /* INetworkMessageHandler.h */,
				13630CA8222C7908008E0A00 /* pch.h */,
				13630CAB222C7908008E0A00 /* SimpleClient.h */,
				13630CBF222C84CC008E0A00 /* SimpleClientImpl.h */,
				13198239222E6CC700C10CE8 /* ChatEventHandler.h */,
				13CF09A52235FA6C00FB676F /* Config.h */,
				13CF09A12235DC0C00FB676F /* UserSelectViewController.h */,
				D39257C222B1D773004D4A62 /* NetworkStateChangeManager.h */,
			);
			path = inc;
			sourceTree = "<group>";
		};
		D3AADB7422C0603A0026C332 /* networkcommon */ = {
			isa = PBXGroup;
			children = (
				D3AADB7522C0603A0026C332 /* networkcommon_ios.xcodeproj */,
			);
			path = networkcommon;
			sourceTree = "<group>";
		};
		D3AADB7622C0603A0026C332 /* Products */ = {
			isa = PBXGroup;
			children = (
				D3AADB7A22C0603A0026C332 /* libnetworkcommon.a */,
			);
			name = Products;
			sourceTree = "<group>";
		};
/* End PBXGroup section */

/* Begin PBXNativeTarget section */
		135415B8222B9E5400A23E16 /* partysample_ios */ = {
			isa = PBXNativeTarget;
			buildConfigurationList = 135415D2222B9E5600A23E16 /* Build configuration list for PBXNativeTarget "partysample_ios" */;
			buildPhases = (
				135415B5222B9E5400A23E16 /* Sources */,
				135415B6222B9E5400A23E16 /* Frameworks */,
				135415B7222B9E5400A23E16 /* Resources */,
				54A5262E234D425500D429C3 /* Embed Frameworks */,
			);
			buildRules = (
			);
			dependencies = (
				D3AADBB822C066A60026C332 /* PBXTargetDependency */,
			);
			name = partysample_ios;
			productName = chatdemo_ios;
			productReference = 135415B9222B9E5400A23E16 /* partysample_ios.app */;
			productType = "com.apple.product-type.application";
		};
/* End PBXNativeTarget section */

/* Begin PBXProject section */
		135415B1222B9E5400A23E16 /* Project object */ = {
			isa = PBXProject;
			attributes = {
				LastUpgradeCheck = 1100;
				ORGANIZATIONNAME = "GameCloudStudios, Inc.";
				TargetAttributes = {
					135415B8222B9E5400A23E16 = {
						CreatedOnToolsVersion = 10.1;
					};
				};
			};
			buildConfigurationList = 135415B4222B9E5400A23E16 /* Build configuration list for PBXProject "partysample_ios" */;
			compatibilityVersion = "Xcode 9.3";
			developmentRegion = en;
			hasScannedForEncodings = 0;
			knownRegions = (
				en,
				Base,
			);
			mainGroup = 135415B0222B9E5400A23E16;
			productRefGroup = 135415BA222B9E5400A23E16 /* Products */;
			projectDirPath = "";
			projectReferences = (
				{
					ProductGroup = D3AADB7622C0603A0026C332 /* Products */;
					ProjectRef = D3AADB7522C0603A0026C332 /* networkcommon_ios.xcodeproj */;
				},
			);
			projectRoot = "";
			targets = (
				135415B8222B9E5400A23E16 /* partysample_ios */,
			);
		};
/* End PBXProject section */

/* Begin PBXReferenceProxy section */
		D3AADB7A22C0603A0026C332 /* libnetworkcommon.a */ = {
			isa = PBXReferenceProxy;
			fileType = archive.ar;
			path = libnetworkcommon.a;
			remoteRef = D3AADB7922C0603A0026C332 /* PBXContainerItemProxy */;
			sourceTree = BUILT_PRODUCTS_DIR;
		};
/* End PBXReferenceProxy section */

/* Begin PBXResourcesBuildPhase section */
		135415B7222B9E5400A23E16 /* Resources */ = {
			isa = PBXResourcesBuildPhase;
			buildActionMask = 2147483647;
			files = (
				135415CC222B9E5600A23E16 /* LaunchScreen.storyboard in Resources */,
				135415C9222B9E5600A23E16 /* Assets.xcassets in Resources */,
				135415C4222B9E5400A23E16 /* Main.storyboard in Resources */,
			);
			runOnlyForDeploymentPostprocessing = 0;
		};
/* End PBXResourcesBuildPhase section */

/* Begin PBXSourcesBuildPhase section */
		135415B5222B9E5400A23E16 /* Sources */ = {
			isa = PBXSourcesBuildPhase;
			buildActionMask = 2147483647;
			files = (
				D3F6F31622AFAF710010B66F /* SelectViewController.m in Sources */,
				13630CC0222C84CC008E0A00 /* SimpleClientImpl.cpp in Sources */,
				D392581922B1E123004D4A62 /* NetworkStateChangeManager.cpp in Sources */,
				D3F6F31322AF88820010B66F /* JoinViewController.mm in Sources */,
				135415C1222B9E5400A23E16 /* ChatViewController.m in Sources */,
				13630CBB222C7B5D008E0A00 /* SimpleClient.mm in Sources */,
				135415BE222B9E5400A23E16 /* AppDelegate.m in Sources */,
				13CF09A32235DC0C00FB676F /* UserSelectViewController.mm in Sources */,
				13630CB9222C79F7008E0A00 /* Config.cpp in Sources */,
				135415CF222B9E5600A23E16 /* main.m in Sources */,
			);
			runOnlyForDeploymentPostprocessing = 0;
		};
/* End PBXSourcesBuildPhase section */

/* Begin PBXTargetDependency section */
		D3AADBB822C066A60026C332 /* PBXTargetDependency */ = {
			isa = PBXTargetDependency;
			name = networkcommon;
			targetProxy = D3AADBB722C066A60026C332 /* PBXContainerItemProxy */;
		};
/* End PBXTargetDependency section */

/* Begin PBXVariantGroup section */
		135415C2222B9E5400A23E16 /* Main.storyboard */ = {
			isa = PBXVariantGroup;
			children = (
				135415C3222B9E5400A23E16 /* Base */,
			);
			name = Main.storyboard;
			sourceTree = "<group>";
		};
		135415CA222B9E5600A23E16 /* LaunchScreen.storyboard */ = {
			isa = PBXVariantGroup;
			children = (
				135415CB222B9E5600A23E16 /* Base */,
			);
			name = LaunchScreen.storyboard;
			sourceTree = "<group>";
		};
/* End PBXVariantGroup section */

/* Begin XCBuildConfiguration section */
		135415D0222B9E5600A23E16 /* Debug */ = {
			isa = XCBuildConfiguration;
			baseConfigurationReference = D3AADBDE22C0698B0026C332 /* partysample_ios.xcconfig */;
			buildSettings = {
				ALWAYS_SEARCH_USER_PATHS = YES;
				CLANG_ANALYZER_NONNULL = YES;
				CLANG_ANALYZER_NUMBER_OBJECT_CONVERSION = YES_AGGRESSIVE;
				CLANG_CXX_LANGUAGE_STANDARD = "gnu++14";
				CLANG_CXX_LIBRARY = "libc++";
				CLANG_ENABLE_MODULES = YES;
				CLANG_ENABLE_OBJC_ARC = YES;
				CLANG_ENABLE_OBJC_WEAK = YES;
				CLANG_WARN_BLOCK_CAPTURE_AUTORELEASING = YES;
				CLANG_WARN_BOOL_CONVERSION = YES;
				CLANG_WARN_COMMA = YES;
				CLANG_WARN_CONSTANT_CONVERSION = YES;
				CLANG_WARN_DEPRECATED_OBJC_IMPLEMENTATIONS = YES;
				CLANG_WARN_DIRECT_OBJC_ISA_USAGE = YES_ERROR;
				CLANG_WARN_DOCUMENTATION_COMMENTS = NO;
				CLANG_WARN_EMPTY_BODY = YES;
				CLANG_WARN_ENUM_CONVERSION = YES;
				CLANG_WARN_INFINITE_RECURSION = YES;
				CLANG_WARN_INT_CONVERSION = YES;
				CLANG_WARN_NON_LITERAL_NULL_CONVERSION = YES;
				CLANG_WARN_OBJC_IMPLICIT_RETAIN_SELF = YES;
				CLANG_WARN_OBJC_LITERAL_CONVERSION = YES;
				CLANG_WARN_OBJC_ROOT_CLASS = YES_ERROR;
				CLANG_WARN_RANGE_LOOP_ANALYSIS = YES;
				CLANG_WARN_STRICT_PROTOTYPES = YES;
				CLANG_WARN_SUSPICIOUS_MOVE = YES;
				CLANG_WARN_UNGUARDED_AVAILABILITY = YES_AGGRESSIVE;
				CLANG_WARN_UNREACHABLE_CODE = YES;
				CLANG_WARN__DUPLICATE_METHOD_MATCH = YES;
				CODE_SIGN_IDENTITY = "iPhone Developer";
				COPY_PHASE_STRIP = NO;
				DEBUG_INFORMATION_FORMAT = dwarf;
				ENABLE_BITCODE = NO;
				ENABLE_STRICT_OBJC_MSGSEND = YES;
				ENABLE_TESTABILITY = YES;
				GCC_C_LANGUAGE_STANDARD = gnu11;
				GCC_DYNAMIC_NO_PIC = NO;
				GCC_NO_COMMON_BLOCKS = YES;
				GCC_OPTIMIZATION_LEVEL = 0;
				GCC_PREPROCESSOR_DEFINITIONS = (
					"DEBUG=1",
					"$(inherited)",
				);
				GCC_WARN_64_TO_32_BIT_CONVERSION = YES;
				GCC_WARN_ABOUT_RETURN_TYPE = YES_ERROR;
				GCC_WARN_UNDECLARED_SELECTOR = YES;
				GCC_WARN_UNINITIALIZED_AUTOS = YES_AGGRESSIVE;
				GCC_WARN_UNUSED_FUNCTION = YES;
				GCC_WARN_UNUSED_VARIABLE = YES;
				HEADER_SEARCH_PATHS = (
					/inc,
					../PartySampleNetworkCommon/inc,
					../PartySampleNetworkCommon/lib,
					../../../include,
					../../ext/playfabxplatsdk/src/cppsdk/include,
					"$(CONFIGURATION_BUILD_DIR)/PlayFabParty.framework/Headers",
				);
				IPHONEOS_DEPLOYMENT_TARGET = 15.6;
				LIBRARY_SEARCH_PATHS = "";
				MTL_ENABLE_DEBUG_INFO = INCLUDE_SOURCE;
				MTL_FAST_MATH = YES;
				ONLY_ACTIVE_ARCH = YES;
				SDKROOT = iphoneos;
			};
			name = Debug;
		};
		135415D1222B9E5600A23E16 /* Release */ = {
			isa = XCBuildConfiguration;
			baseConfigurationReference = D3AADBDE22C0698B0026C332 /* partysample_ios.xcconfig */;
			buildSettings = {
				ALWAYS_SEARCH_USER_PATHS = YES;
				CLANG_ANALYZER_NONNULL = YES;
				CLANG_ANALYZER_NUMBER_OBJECT_CONVERSION = YES_AGGRESSIVE;
				CLANG_CXX_LANGUAGE_STANDARD = "gnu++14";
				CLANG_CXX_LIBRARY = "libc++";
				CLANG_ENABLE_MODULES = YES;
				CLANG_ENABLE_OBJC_ARC = YES;
				CLANG_ENABLE_OBJC_WEAK = YES;
				CLANG_WARN_BLOCK_CAPTURE_AUTORELEASING = YES;
				CLANG_WARN_BOOL_CONVERSION = YES;
				CLANG_WARN_COMMA = YES;
				CLANG_WARN_CONSTANT_CONVERSION = YES;
				CLANG_WARN_DEPRECATED_OBJC_IMPLEMENTATIONS = YES;
				CLANG_WARN_DIRECT_OBJC_ISA_USAGE = YES_ERROR;
				CLANG_WARN_DOCUMENTATION_COMMENTS = NO;
				CLANG_WARN_EMPTY_BODY = YES;
				CLANG_WARN_ENUM_CONVERSION = YES;
				CLANG_WARN_INFINITE_RECURSION = YES;
				CLANG_WARN_INT_CONVERSION = YES;
				CLANG_WARN_NON_LITERAL_NULL_CONVERSION = YES;
				CLANG_WARN_OBJC_IMPLICIT_RETAIN_SELF = YES;
				CLANG_WARN_OBJC_LITERAL_CONVERSION = YES;
				CLANG_WARN_OBJC_ROOT_CLASS = YES_ERROR;
				CLANG_WARN_RANGE_LOOP_ANALYSIS = YES;
				CLANG_WARN_STRICT_PROTOTYPES = YES;
				CLANG_WARN_SUSPICIOUS_MOVE = YES;
				CLANG_WARN_UNGUARDED_AVAILABILITY = YES_AGGRESSIVE;
				CLANG_WARN_UNREACHABLE_CODE = YES;
				CLANG_WARN__DUPLICATE_METHOD_MATCH = YES;
				CODE_SIGN_IDENTITY = "iPhone Developer";
				COPY_PHASE_STRIP = NO;
				DEBUG_INFORMATION_FORMAT = "dwarf-with-dsym";
				ENABLE_BITCODE = NO;
				ENABLE_NS_ASSERTIONS = NO;
				ENABLE_STRICT_OBJC_MSGSEND = YES;
				GCC_C_LANGUAGE_STANDARD = gnu11;
				GCC_NO_COMMON_BLOCKS = YES;
				GCC_PREPROCESSOR_DEFINITIONS = "$(inherited)";
				GCC_WARN_64_TO_32_BIT_CONVERSION = YES;
				GCC_WARN_ABOUT_RETURN_TYPE = YES_ERROR;
				GCC_WARN_UNDECLARED_SELECTOR = YES;
				GCC_WARN_UNINITIALIZED_AUTOS = YES_AGGRESSIVE;
				GCC_WARN_UNUSED_FUNCTION = YES;
				GCC_WARN_UNUSED_VARIABLE = YES;
				HEADER_SEARCH_PATHS = (
					/inc,
					../PartySampleNetworkCommon/inc,
					../PartySampleNetworkCommon/lib,
					../../../include,
					../../ext/playfabxplatsdk/src/cppsdk/include,
					"$(CONFIGURATION_BUILD_DIR)/PlayFabParty.framework/Headers",
				);
				IPHONEOS_DEPLOYMENT_TARGET = 15.6;
				LIBRARY_SEARCH_PATHS = "";
				MTL_ENABLE_DEBUG_INFO = NO;
				MTL_FAST_MATH = YES;
				SDKROOT = iphoneos;
				VALIDATE_PRODUCT = YES;
			};
			name = Release;
		};
		135415D3222B9E5600A23E16 /* Debug */ = {
			isa = XCBuildConfiguration;
			baseConfigurationReference = D3AADBDE22C0698B0026C332 /* partysample_ios.xcconfig */;
			buildSettings = {
				ASSETCATALOG_COMPILER_APPICON_NAME = AppIcon;
				CODE_SIGN_STYLE = Manual;
				DEVELOPMENT_TEAM = PFBTS56N7Z;
				FRAMEWORK_SEARCH_PATHS = ../../bin/Release;
				GCC_PREPROCESSOR_DEFINITIONS = "$(inherited)";
				GCC_SYMBOLS_PRIVATE_EXTERN = NO;
				HEADER_SEARCH_PATHS = (
					/inc,
					../PartySampleNetworkCommon/inc,
					../PartySampleNetworkCommon/lib,
					../../../include,
					../../ext/playfabxplatsdk/src/cppsdk/include,
					"$(CONFIGURATION_BUILD_DIR)/PlayFabParty.framework/Headers",
				);
				INFOPLIST_FILE = src/Info.plist;
				IPHONEOS_DEPLOYMENT_TARGET = 15.6;
				LD_RUNPATH_SEARCH_PATHS = (
					"$(inherited)",
					"@executable_path/Frameworks",
				);
				LIBRARY_SEARCH_PATHS = ../../bin/Release;
				PRODUCT_BUNDLE_IDENTIFIER = com.playfab.party.partysample;
				PRODUCT_NAME = "$(TARGET_NAME)";
				PROVISIONING_PROFILE_SPECIFIER = "PlayFab Party Dev";
				TARGETED_DEVICE_FAMILY = "1,2";
			};
			name = Debug;
		};
		135415D4222B9E5600A23E16 /* Release */ = {
			isa = XCBuildConfiguration;
			baseConfigurationReference = D3AADBDE22C0698B0026C332 /* partysample_ios.xcconfig */;
			buildSettings = {
				ASSETCATALOG_COMPILER_APPICON_NAME = AppIcon;
				CODE_SIGN_STYLE = Manual;
				DEVELOPMENT_TEAM = PFBTS56N7Z;
				FRAMEWORK_SEARCH_PATHS = ../../bin/Release;
				GCC_PREPROCESSOR_DEFINITIONS = "$(inherited)";
				GCC_SYMBOLS_PRIVATE_EXTERN = NO;
				HEADER_SEARCH_PATHS = (
					/inc,
					../PartySampleNetworkCommon/inc,
					../PartySampleNetworkCommon/lib,
					../../../include,
					../../ext/playfabxplatsdk/src/cppsdk/include,
					"$(CONFIGURATION_BUILD_DIR)/PlayFabParty.framework/Headers",
				);
				INFOPLIST_FILE = src/Info.plist;
				IPHONEOS_DEPLOYMENT_TARGET = 15.6;
				LD_RUNPATH_SEARCH_PATHS = (
					"$(inherited)",
					"@executable_path/Frameworks",
				);
				LIBRARY_SEARCH_PATHS = ../../bin/Release;
				PRODUCT_BUNDLE_IDENTIFIER = com.playfab.party.partysample;
				PRODUCT_NAME = "$(TARGET_NAME)";
				PROVISIONING_PROFILE_SPECIFIER = "PlayFab Party Dev";
				TARGETED_DEVICE_FAMILY = "1,2";
			};
			name = Release;
		};
/* End XCBuildConfiguration section */

/* Begin XCConfigurationList section */
		135415B4222B9E5400A23E16 /* Build configuration list for PBXProject "partysample_ios" */ = {
			isa = XCConfigurationList;
			buildConfigurations = (
				135415D0222B9E5600A23E16 /* Debug */,
				135415D1222B9E5600A23E16 /* Release */,
			);
			defaultConfigurationIsVisible = 0;
			defaultConfigurationName = Release;
		};
		135415D2222B9E5600A23E16 /* Build configuration list for PBXNativeTarget "partysample_ios" */ = {
			isa = XCConfigurationList;
			buildConfigurations = (
				135415D3222B9E5600A23E16 /* Debug */,
				135415D4222B9E5600A23E16 /* Release */,
			);
			defaultConfigurationIsVisible = 0;
			defaultConfigurationName = Release;
		};
/* End XCConfigurationList section */
	};
	rootObject = 135415B1222B9E5400A23E16 /* Project object */;
}
