<?xml version="1.0" encoding="utf-8"?>
<Project ToolsVersion="4.0" xmlns="http://schemas.microsoft.com/developer/msbuild/2003">
  <ItemGroup>
    <ClInclude Include="..\..\PartySampleNetworkCommon\inc\INetworkStateChangeManager.h">
      <Filter>inc</Filter>
    </ClInclude>
    <ClInclude Include="..\..\PartySampleNetworkCommon\inc\LanguageOptions.h">
      <Filter>inc</Filter>
    </ClInclude>
    <ClInclude Include="..\..\PartySampleNetworkCommon\inc\Manager.h">
      <Filter>inc</Filter>
    </ClInclude>
    <ClInclude Include="..\..\PartySampleNetworkCommon\inc\Managers.h">
      <Filter>inc</Filter>
    </ClInclude>
    <ClInclude Include="..\..\PartySampleNetworkCommon\inc\NetworkManager.h">
      <Filter>inc</Filter>
    </ClInclude>
    <ClInclude Include="..\..\PartySampleNetworkCommon\inc\NetworkMessages.h">
      <Filter>inc</Filter>
    </ClInclude>
    <ClInclude Include="..\..\PartySampleNetworkCommon\inc\PlayFabManager.h">
      <Filter>inc</Filter>
    </ClInclude>
    <ClInclude Include="..\..\PartySampleNetworkCommon\lib\pch.h">
      <Filter>lib</Filter>
    </ClInclude>
  </ItemGroup>
  <ItemGroup>
    <Filter Include="inc">
      <UniqueIdentifier>{15527244-3633-461b-bf2d-7ac790382848}</UniqueIdentifier>
    </Filter>
    <Filter Include="lib">
      <UniqueIdentifier>{11f5929b-43d1-4865-a0b1-fca6628389c6}</UniqueIdentifier>
    </Filter>
  </ItemGroup>
  <ItemGroup>
    <ClCompile Include="..\..\PartySampleNetworkCommon\lib\LanguageOptions.cpp">
      <Filter>lib</Filter>
    </ClCompile>
    <ClCompile Include="..\..\PartySampleNetworkCommon\lib\Managers.cpp">
      <Filter>lib</Filter>
    </ClCompile>
    <ClCompile Include="..\..\PartySampleNetworkCommon\lib\NetworkManager.cpp">
      <Filter>lib</Filter>
    </ClCompile>
    <ClCompile Include="..\..\PartySampleNetworkCommon\lib\NetworkMessages.cpp">
      <Filter>lib</Filter>
    </ClCompile>
    <ClCompile Include="..\..\PartySampleNetworkCommon\lib\pch.cpp">
      <Filter>lib</Filter>
    </ClCompile>
    <ClCompile Include="..\..\PartySampleNetworkCommon\lib\PlayFabManager.cpp">
      <Filter>lib</Filter>
    </ClCompile>
  </ItemGroup>
</Project>