<?xml version="1.0" encoding="utf-8"?>
<Project ToolsVersion="4.0" xmlns="http://schemas.microsoft.com/developer/msbuild/2003">
  <ItemGroup>
    <ClInclude Include="..\PartySampleNetworkCommon\inc\INetworkStateChangeManager.h" />
    <ClInclude Include="..\PartySampleNetworkCommon\inc\DebugLog.h" />
    <ClInclude Include="..\PartySampleNetworkCommon\inc\LanguageOptions.h" />
    <ClInclude Include="..\PartySampleNetworkCommon\inc\Manager.h" />
    <ClInclude Include="..\PartySampleNetworkCommon\inc\Managers.h" />
    <ClInclude Include="..\PartySampleNetworkCommon\inc\NetworkManager.h" />
    <ClInclude Include="..\PartySampleNetworkCommon\inc\NetworkMessages.h" />
    <ClInclude Include="..\PartySampleNetworkCommon\inc\PlayFabManager.h" />
    <ClInclude Include="..\PartySampleNetworkCommon\lib\pch.h" />
  </ItemGroup>
  <ItemGroup>
    <Filter Include="inc">
      <UniqueIdentifier>{15527244-3633-461b-bf2d-7ac790382848}</UniqueIdentifier>
    </Filter>
    <Filter Include="lib">
      <UniqueIdentifier>{11f5929b-43d1-4865-a0b1-fca6628389c6}</UniqueIdentifier>
    </Filter>
  </ItemGroup>
  <ItemGroup>
    <ClCompile Include="..\PartySampleNetworkCommon\lib\DebugLog.cpp" />
    <ClCompile Include="..\PartySampleNetworkCommon\lib\LanguageOptions.cpp" />
    <ClCompile Include="..\PartySampleNetworkCommon\lib\Managers.cpp" />
    <ClCompile Include="..\PartySampleNetworkCommon\lib\NetworkManager.cpp" />
    <ClCompile Include="..\PartySampleNetworkCommon\lib\NetworkMessages.cpp" />
    <ClCompile Include="..\PartySampleNetworkCommon\lib\PlayFabManager.cpp" />
    <ClCompile Include="..\PartySampleNetworkCommon\lib\pch.cpp" />
  </ItemGroup>
  <ItemGroup>
    <None Include="packages.config" />
  </ItemGroup>
</Project>